
Microsoft Visual Studio Solution File, Format Version 12.00
# Visual Studio 15
VisualStudioVersion = 15.0.28307.438
MinimumVisualStudioVersion = 10.0.40219.1
Project("{2150E333-8FDC-42A3-9474-1A3956D46DE8}") = "1-Presentation", "1-Presentation", "{D41ED283-E533-45C6-B785-81CA35D53877}"
EndProject
Project("{9A19103F-16F7-4668-BE54-9A1E7A4F7556}") = "APPLICATION.CORE", "src\APPLICATION.CORE\APPLICATION.CORE.csproj", "{A4EC9CB2-81DF-42C7-A83E-F6A9C49C47E8}"
EndProject
Project("{2150E333-8FDC-42A3-9474-1A3956D46DE8}") = "3-Domain", "3-Domain", "{6F007B25-14E0-4380-ACB3-F9F83291AFA2}"
EndProject
Project("{2150E333-8FDC-42A3-9474-1A3956D46DE8}") = "4-InfraStructure", "4-InfraStructure", "{41A02922-738D-4A61-83C2-F2DFF5BDA902}"
EndProject
Project("{9A19103F-16F7-4668-BE54-9A1E7A4F7556}") = "eDrinkShop.Web", "src\eDrinkShop.Web\eDrinkShop.Web.csproj", "{DA567914-107A-4CDF-830B-0E6ABF0D4DAA}"
EndProject
Project("{9A19103F-16F7-4668-BE54-9A1E7A4F7556}") = "INFRASTRUCTURE", "src\INFRASTRUCTURE\INFRASTRUCTURE.csproj", "{5D957A7A-803B-4AF3-BFAC-A399523C40C7}"
EndProject
Project("{FAE04EC0-301F-11D3-BF4B-00C04F79EFBC}") = "ECommerce", "src\ECommerce\ECommerce.csproj", "{E486F551-7A91-4259-8F3E-8B2F0E40879C}"
EndProject
Project("{2150E333-8FDC-42A3-9474-1A3956D46DE8}") = "2-Application", "2-Application", "{041130D0-BB33-453C-98EB-61F1C1335BD8}"
EndProject
Project("{2150E333-8FDC-42A3-9474-1A3956D46DE8}") = "Para implementar depois", "Para implementar depois", "{1CAEDB02-C914-4164-87F3-A9ED062A4224}"
EndProject
Project("{9A19103F-16F7-4668-BE54-9A1E7A4F7556}") = "APPLICATION", "src\APPLICATION\APPLICATION.csproj", "{8FCDC9FC-7361-4D5C-9B58-F977C2032D9D}"
EndProject
Project("{FAE04EC0-301F-11D3-BF4B-00C04F79EFBC}") = "EDrinkWebDDD", "src\EDrinkWebDDD\EDrinkWebDDD.csproj", "{049B68DE-ED38-401B-A138-C6243673CAAD}"
EndProject
Global
	GlobalSection(SolutionConfigurationPlatforms) = preSolution
		Debug|Any CPU = Debug|Any CPU
		Release|Any CPU = Release|Any CPU
	EndGlobalSection
	GlobalSection(ProjectConfigurationPlatforms) = postSolution
		{A4EC9CB2-81DF-42C7-A83E-F6A9C49C47E8}.Debug|Any CPU.ActiveCfg = Debug|Any CPU
		{A4EC9CB2-81DF-42C7-A83E-F6A9C49C47E8}.Debug|Any CPU.Build.0 = Debug|Any CPU
		{A4EC9CB2-81DF-42C7-A83E-F6A9C49C47E8}.Release|Any CPU.ActiveCfg = Release|Any CPU
		{A4EC9CB2-81DF-42C7-A83E-F6A9C49C47E8}.Release|Any CPU.Build.0 = Release|Any CPU
		{DA567914-107A-4CDF-830B-0E6ABF0D4DAA}.Debug|Any CPU.ActiveCfg = Debug|Any CPU
		{DA567914-107A-4CDF-830B-0E6ABF0D4DAA}.Debug|Any CPU.Build.0 = Debug|Any CPU
		{DA567914-107A-4CDF-830B-0E6ABF0D4DAA}.Release|Any CPU.ActiveCfg = Release|Any CPU
		{DA567914-107A-4CDF-830B-0E6ABF0D4DAA}.Release|Any CPU.Build.0 = Release|Any CPU
		{5D957A7A-803B-4AF3-BFAC-A399523C40C7}.Debug|Any CPU.ActiveCfg = Debug|Any CPU
		{5D957A7A-803B-4AF3-BFAC-A399523C40C7}.Debug|Any CPU.Build.0 = Debug|Any CPU
		{5D957A7A-803B-4AF3-BFAC-A399523C40C7}.Release|Any CPU.ActiveCfg = Release|Any CPU
		{5D957A7A-803B-4AF3-BFAC-A399523C40C7}.Release|Any CPU.Build.0 = Release|Any CPU
		{E486F551-7A91-4259-8F3E-8B2F0E40879C}.Debug|Any CPU.ActiveCfg = Debug|Any CPU
		{E486F551-7A91-4259-8F3E-8B2F0E40879C}.Debug|Any CPU.Build.0 = Debug|Any CPU
		{E486F551-7A91-4259-8F3E-8B2F0E40879C}.Release|Any CPU.ActiveCfg = Release|Any CPU
		{E486F551-7A91-4259-8F3E-8B2F0E40879C}.Release|Any CPU.Build.0 = Release|Any CPU
		{8FCDC9FC-7361-4D5C-9B58-F977C2032D9D}.Debug|Any CPU.ActiveCfg = Debug|Any CPU
		{8FCDC9FC-7361-4D5C-9B58-F977C2032D9D}.Debug|Any CPU.Build.0 = Debug|Any CPU
		{8FCDC9FC-7361-4D5C-9B58-F977C2032D9D}.Release|Any CPU.ActiveCfg = Release|Any CPU
		{8FCDC9FC-7361-4D5C-9B58-F977C2032D9D}.Release|Any CPU.Build.0 = Release|Any CPU
		{049B68DE-ED38-401B-A138-C6243673CAAD}.Debug|Any CPU.ActiveCfg = Debug|Any CPU
		{049B68DE-ED38-401B-A138-C6243673CAAD}.Debug|Any CPU.Build.0 = Debug|Any CPU
		{049B68DE-ED38-401B-A138-C6243673CAAD}.Release|Any CPU.ActiveCfg = Release|Any CPU
		{049B68DE-ED38-401B-A138-C6243673CAAD}.Release|Any CPU.Build.0 = Release|Any CPU
	EndGlobalSection
	GlobalSection(SolutionProperties) = preSolution
		HideSolutionNode = FALSE
	EndGlobalSection
	GlobalSection(NestedProjects) = preSolution
		{A4EC9CB2-81DF-42C7-A83E-F6A9C49C47E8} = {6F007B25-14E0-4380-ACB3-F9F83291AFA2}
		{DA567914-107A-4CDF-830B-0E6ABF0D4DAA} = {1CAEDB02-C914-4164-87F3-A9ED062A4224}
		{5D957A7A-803B-4AF3-BFAC-A399523C40C7} = {41A02922-738D-4A61-83C2-F2DFF5BDA902}
		{E486F551-7A91-4259-8F3E-8B2F0E40879C} = {1CAEDB02-C914-4164-87F3-A9ED062A4224}
		{1CAEDB02-C914-4164-87F3-A9ED062A4224} = {D41ED283-E533-45C6-B785-81CA35D53877}
		{8FCDC9FC-7361-4D5C-9B58-F977C2032D9D} = {041130D0-BB33-453C-98EB-61F1C1335BD8}
		{049B68DE-ED38-401B-A138-C6243673CAAD} = {D41ED283-E533-45C6-B785-81CA35D53877}
	EndGlobalSection
	GlobalSection(ExtensibilityGlobals) = postSolution
		SolutionGuid = {9909B732-7D22-480C-95B4-3DDD77D43F3A}
	EndGlobalSection
EndGlobal
